# This file is automatically @generated by Cargo.
# It is not intended for manual editing.
[[package]]
name = "autocfg"
version = "1.0.1"
source = "registry+https://github.com/rust-lang/crates.io-index"
checksum = "cdb031dd78e28731d87d56cc8ffef4a8f36ca26c38fe2de700543e627f8a464a"

[[package]]
name = "bigdecimal"
version = "0.2.0"
source = "registry+https://github.com/rust-lang/crates.io-index"
checksum = "cc403c26e6b03005522e6e8053384c4e881dfe5b2bf041c0c2c49be33d64a539"
dependencies = [
 "num-bigint",
 "num-integer",
 "num-traits",
 "serde",
]

[[package]]
name = "cfg-if"
version = "1.0.0"
source = "registry+https://github.com/rust-lang/crates.io-index"
checksum = "baf1de4339761588bc0619e3cbc0120ee582ebb74b53b4efbf79117bd2da40fd"

[[package]]
name = "definition"
version = "0.1.0"
dependencies = [
 "sql_ast",
 "types",
]

[[package]]
name = "entities"
version = "0.1.0"
dependencies = [
 "definition",
 "types",
]

[[package]]
name = "log"
version = "0.4.14"
source = "registry+https://github.com/rust-lang/crates.io-index"
checksum = "51b9bbe6c47d51fc3e1a9b945965946b4c44142ab8792c50835a980d362c2710"
dependencies = [
 "cfg-if",
]

[[package]]
name = "num-bigint"
version = "0.3.1"
source = "registry+https://github.com/rust-lang/crates.io-index"
checksum = "5e9a41747ae4633fce5adffb4d2e81ffc5e89593cb19917f8fb2cc5ff76507bf"
dependencies = [
 "autocfg",
 "num-integer",
 "num-traits",
]

[[package]]
name = "num-integer"
version = "0.1.44"
source = "registry+https://github.com/rust-lang/crates.io-index"
checksum = "d2cc698a63b549a70bc047073d2949cce27cd1c7b0a4a862d08a8031bc2801db"
dependencies = [
 "autocfg",
 "num-traits",
]

[[package]]
name = "num-traits"
version = "0.2.14"
source = "registry+https://github.com/rust-lang/crates.io-index"
checksum = "9a64b1ec5cda2586e284722486d802acf1f7dbdc623e2bfc57e65ca1cd099290"
dependencies = [
 "autocfg",
]

[[package]]
name = "pg_wire"
version = "0.5.0"
source = "registry+https://github.com/rust-lang/crates.io-index"
checksum = "1371d4fae551ab2d57f2fd82919e82d12b1032e12ad80ef1d9a8cd7ba2806a8d"
dependencies = [
 "log",
]

[[package]]
name = "serde"
version = "1.0.123"
source = "registry+https://github.com/rust-lang/crates.io-index"
checksum = "92d5161132722baa40d802cc70b15262b98258453e85e5d1d365c757c73869ae"

[[package]]
name = "sql_ast"
version = "0.1.0"
dependencies = [
 "sqlparser",
]

[[package]]
name = "sqlparser"
version = "0.8.0"
source = "registry+https://github.com/rust-lang/crates.io-index"
checksum = "8b929a9577d01ee7cddb820696ed536868d81557d3c14363a7514d71add1d058"
dependencies = [
 "bigdecimal",
 "log",
]

[[package]]
name = "types"
version = "0.1.0"
dependencies = [
 "pg_wire",
 "sql_ast",
]
