# This file is automatically @generated by Cargo.
# It is not intended for manual editing.
[[package]]
name = "autocfg"
version = "1.0.0"
source = "registry+https://github.com/rust-lang/crates.io-index"
checksum = "f8aac770f1885fd7e387acedd76065302551364496e46b3dd00860b2f8359b9d"

[[package]]
name = "bigdecimal"
version = "0.1.2"
source = "registry+https://github.com/rust-lang/crates.io-index"
checksum = "1374191e2dd25f9ae02e3aa95041ed5d747fc77b3c102b49fe2dd9a8117a6244"
dependencies = [
 "num-bigint",
 "num-integer",
 "num-traits",
 "serde",
]

[[package]]
name = "cfg-if"
version = "0.1.10"
source = "registry+https://github.com/rust-lang/crates.io-index"
checksum = "4785bdd1c96b2a846b2bd7cc02e86b6b3dbf14e7e53446c4f54c92a361040822"

[[package]]
name = "log"
version = "0.4.8"
source = "registry+https://github.com/rust-lang/crates.io-index"
checksum = "14b6052be84e6b71ab17edffc2eeabf5c2c3ae1fdb464aae35ac50c67a44e1f7"
dependencies = [
 "cfg-if",
]

[[package]]
name = "num-bigint"
version = "0.2.6"
source = "registry+https://github.com/rust-lang/crates.io-index"
checksum = "090c7f9998ee0ff65aa5b723e4009f7b217707f1fb5ea551329cc4d6231fb304"
dependencies = [
 "autocfg",
 "num-integer",
 "num-traits",
 "serde",
]

[[package]]
name = "num-integer"
version = "0.1.42"
source = "registry+https://github.com/rust-lang/crates.io-index"
checksum = "3f6ea62e9d81a77cd3ee9a2a5b9b609447857f3d358704331e4ef39eb247fcba"
dependencies = [
 "autocfg",
 "num-traits",
]

[[package]]
name = "num-traits"
version = "0.2.11"
source = "registry+https://github.com/rust-lang/crates.io-index"
checksum = "c62be47e61d1842b9170f0fdeec8eba98e60e90e5446449a0545e5152acd7096"
dependencies = [
 "autocfg",
]

[[package]]
name = "proc-macro2"
version = "1.0.12"
source = "registry+https://github.com/rust-lang/crates.io-index"
checksum = "8872cf6f48eee44265156c111456a700ab3483686b3f96df4cf5481c89157319"
dependencies = [
 "unicode-xid",
]

[[package]]
name = "quote"
version = "1.0.4"
source = "registry+https://github.com/rust-lang/crates.io-index"
checksum = "4c1f4b0efa5fc5e8ceb705136bfee52cfdb6a4e3509f770b478cd6ed434232a7"
dependencies = [
 "proc-macro2",
]

[[package]]
name = "serde"
version = "1.0.110"
source = "registry+https://github.com/rust-lang/crates.io-index"
checksum = "99e7b308464d16b56eba9964e4972a3eee817760ab60d88c3f86e1fecb08204c"
dependencies = [
 "serde_derive",
]

[[package]]
name = "serde_derive"
version = "1.0.110"
source = "registry+https://github.com/rust-lang/crates.io-index"
checksum = "818fbf6bfa9a42d3bfcaca148547aa00c7b915bec71d1757aa2d44ca68771984"
dependencies = [
 "proc-macro2",
 "quote",
 "syn",
]

[[package]]
name = "sqlparser"
version = "0.5.0"
source = "registry+https://github.com/rust-lang/crates.io-index"
checksum = "e7ac1f0f284146472a721eb7b5cb4615e314c781f5f7be41d27aa98d9e0a1ff9"
dependencies = [
 "bigdecimal",
 "log",
]

[[package]]
name = "syn"
version = "1.0.19"
source = "registry+https://github.com/rust-lang/crates.io-index"
checksum = "e8e5aa70697bb26ee62214ae3288465ecec0000f05182f039b477001f08f5ae7"
dependencies = [
 "proc-macro2",
 "quote",
 "unicode-xid",
]

[[package]]
name = "types"
version = "0.1.0"
dependencies = [
 "bigdecimal",
 "num-bigint",
 "num-traits",
 "serde",
 "sqlparser",
]

[[package]]
name = "unicode-xid"
version = "0.2.0"
source = "registry+https://github.com/rust-lang/crates.io-index"
checksum = "826e7639553986605ec5979c7dd957c7895e93eabed50ab2ffa7f6128a75097c"
